
Microsoft Visual Studio Solution File, Format Version 12.00
# Visual Studio Version 16
VisualStudioVersion = 16.0.31702.278
MinimumVisualStudioVersion = 10.0.40219.1
Project("{9A19103F-16F7-4668-BE54-9A1E7A4F7556}") = "LeadConsultTask", "LeadConsultTask.csproj", "{6804E312-4AB3-47E2-BD8D-5C5C8F3142ED}"
EndProject
Global
	GlobalSection(SolutionConfigurationPlatforms) = preSolution
		Debug|Any CPU = Debug|Any CPU
		Release|Any CPU = Release|Any CPU
	EndGlobalSection
	GlobalSection(ProjectConfigurationPlatforms) = postSolution
		{6804E312-4AB3-47E2-BD8D-5C5C8F3142ED}.Debug|Any CPU.ActiveCfg = Debug|Any CPU
		{6804E312-4AB3-47E2-BD8D-5C5C8F3142ED}.Debug|Any CPU.Build.0 = Debug|Any CPU
		{6804E312-4AB3-47E2-BD8D-5C5C8F3142ED}.Release|Any CPU.ActiveCfg = Release|Any CPU
		{6804E312-4AB3-47E2-BD8D-5C5C8F3142ED}.Release|Any CPU.Build.0 = Release|Any CPU
	EndGlobalSection
	GlobalSection(SolutionProperties) = preSolution
		HideSolutionNode = FALSE
	EndGlobalSection
	GlobalSection(ExtensibilityGlobals) = postSolution
		SolutionGuid = {A33A604B-C6AF-4733-ABB2-9AA3D6BF7724}
	EndGlobalSection
EndGlobal
